
Microsoft Visual Studio Solution File, Format Version 12.00
# Visual Studio Version 17
VisualStudioVersion = 17.8.34309.116
MinimumVisualStudioVersion = 10.0.40219.1
Project("{FAE04EC0-301F-11D3-BF4B-00C04F79EFBC}") = "Task", "Task\Task.csproj", "{7308B74D-00B7-4633-A153-F0962F5ED782}"
EndProject
Global
	GlobalSection(SolutionConfigurationPlatforms) = preSolution
		Debug|Any CPU = Debug|Any CPU
		Release|Any CPU = Release|Any CPU
	EndGlobalSection
	GlobalSection(ProjectConfigurationPlatforms) = postSolution
		{7308B74D-00B7-4633-A153-F0962F5ED782}.Debug|Any CPU.ActiveCfg = Debug|Any CPU
		{7308B74D-00B7-4633-A153-F0962F5ED782}.Debug|Any CPU.Build.0 = Debug|Any CPU
		{7308B74D-00B7-4633-A153-F0962F5ED782}.Release|Any CPU.ActiveCfg = Release|Any CPU
		{7308B74D-00B7-4633-A153-F0962F5ED782}.Release|Any CPU.Build.0 = Release|Any CPU
	EndGlobalSection
	GlobalSection(SolutionProperties) = preSolution
		HideSolutionNode = FALSE
	EndGlobalSection
	GlobalSection(ExtensibilityGlobals) = postSolution
		SolutionGuid = {2272A1BC-596A-41C6-ACB0-4B8CEBB2FF6E}
	EndGlobalSection
EndGlobal
